
Microsoft Visual Studio Solution File, Format Version 12.00
# Visual Studio Version 16
VisualStudioVersion = 16.0.31624.102
MinimumVisualStudioVersion = 10.0.40219.1
Project("{FAE04EC0-301F-11D3-BF4B-00C04F79EFBC}") = "PriSecDBAPI_CRUD_SDK", "PriSecDBAPI_CRUD_SDK.csproj", "{61F9A378-ABBC-4F5F-B671-27A8170D7EAB}"
EndProject
Global
	GlobalSection(SolutionConfigurationPlatforms) = preSolution
		Debug|Any CPU = Debug|Any CPU
		Release|Any CPU = Release|Any CPU
	EndGlobalSection
	GlobalSection(ProjectConfigurationPlatforms) = postSolution
		{61F9A378-ABBC-4F5F-B671-27A8170D7EAB}.Debug|Any CPU.ActiveCfg = Debug|Any CPU
		{61F9A378-ABBC-4F5F-B671-27A8170D7EAB}.Debug|Any CPU.Build.0 = Debug|Any CPU
		{61F9A378-ABBC-4F5F-B671-27A8170D7EAB}.Release|Any CPU.ActiveCfg = Release|Any CPU
		{61F9A378-ABBC-4F5F-B671-27A8170D7EAB}.Release|Any CPU.Build.0 = Release|Any CPU
	EndGlobalSection
	GlobalSection(SolutionProperties) = preSolution
		HideSolutionNode = FALSE
	EndGlobalSection
	GlobalSection(ExtensibilityGlobals) = postSolution
		SolutionGuid = {91F3A988-9411-4EEE-953E-3C543E3E90E6}
	EndGlobalSection
EndGlobal
