
Microsoft Visual Studio Solution File, Format Version 12.00
# Visual Studio Version 16
VisualStudioVersion = 16.0.31624.102
MinimumVisualStudioVersion = 10.0.40219.1
Project("{FAE04EC0-301F-11D3-BF4B-00C04F79EFBC}") = "PriSecDBAPI_SC_SDK", "PriSecDBAPI_SC_SDK.csproj", "{7FD12376-0E53-479B-B752-B8E6759F3074}"
EndProject
Global
	GlobalSection(SolutionConfigurationPlatforms) = preSolution
		Debug|Any CPU = Debug|Any CPU
		Release|Any CPU = Release|Any CPU
	EndGlobalSection
	GlobalSection(ProjectConfigurationPlatforms) = postSolution
		{7FD12376-0E53-479B-B752-B8E6759F3074}.Debug|Any CPU.ActiveCfg = Debug|Any CPU
		{7FD12376-0E53-479B-B752-B8E6759F3074}.Debug|Any CPU.Build.0 = Debug|Any CPU
		{7FD12376-0E53-479B-B752-B8E6759F3074}.Release|Any CPU.ActiveCfg = Release|Any CPU
		{7FD12376-0E53-479B-B752-B8E6759F3074}.Release|Any CPU.Build.0 = Release|Any CPU
	EndGlobalSection
	GlobalSection(SolutionProperties) = preSolution
		HideSolutionNode = FALSE
	EndGlobalSection
	GlobalSection(ExtensibilityGlobals) = postSolution
		SolutionGuid = {AD0C72F1-A0A5-4FAE-8416-841353FE717D}
	EndGlobalSection
EndGlobal
